
Microsoft Visual Studio Solution File, Format Version 12.00
# Visual Studio Version 16
VisualStudioVersion = 16.0.30114.105
MinimumVisualStudioVersion = 10.0.40219.1
Project("{FAE04EC0-301F-11D3-BF4B-00C04F79EFBC}") = "API", "API\API.csproj", "{316EFDF8-3D62-4B31-A3F0-5E4B1B3A10D2}"
EndProject
Project("{FAE04EC0-301F-11D3-BF4B-00C04F79EFBC}") = "Application", "Application\Application.csproj", "{F91AE1EF-6646-4667-B276-F2CF62E244D3}"
EndProject
Project("{FAE04EC0-301F-11D3-BF4B-00C04F79EFBC}") = "Domain", "Domain\Domain.csproj", "{EB8388DF-CA33-4345-B793-DD7665E884AA}"
EndProject
Project("{FAE04EC0-301F-11D3-BF4B-00C04F79EFBC}") = "Persistence", "Persistence\Persistence.csproj", "{57FEA5F9-FA14-4D73-ADF0-B454AAEF59E8}"
EndProject
Global
	GlobalSection(SolutionConfigurationPlatforms) = preSolution
		Debug|Any CPU = Debug|Any CPU
		Release|Any CPU = Release|Any CPU
	EndGlobalSection
	GlobalSection(SolutionProperties) = preSolution
		HideSolutionNode = FALSE
	EndGlobalSection
	GlobalSection(ProjectConfigurationPlatforms) = postSolution
		{316EFDF8-3D62-4B31-A3F0-5E4B1B3A10D2}.Debug|Any CPU.ActiveCfg = Debug|Any CPU
		{316EFDF8-3D62-4B31-A3F0-5E4B1B3A10D2}.Debug|Any CPU.Build.0 = Debug|Any CPU
		{316EFDF8-3D62-4B31-A3F0-5E4B1B3A10D2}.Release|Any CPU.ActiveCfg = Release|Any CPU
		{316EFDF8-3D62-4B31-A3F0-5E4B1B3A10D2}.Release|Any CPU.Build.0 = Release|Any CPU
		{F91AE1EF-6646-4667-B276-F2CF62E244D3}.Debug|Any CPU.ActiveCfg = Debug|Any CPU
		{F91AE1EF-6646-4667-B276-F2CF62E244D3}.Debug|Any CPU.Build.0 = Debug|Any CPU
		{F91AE1EF-6646-4667-B276-F2CF62E244D3}.Release|Any CPU.ActiveCfg = Release|Any CPU
		{F91AE1EF-6646-4667-B276-F2CF62E244D3}.Release|Any CPU.Build.0 = Release|Any CPU
		{EB8388DF-CA33-4345-B793-DD7665E884AA}.Debug|Any CPU.ActiveCfg = Debug|Any CPU
		{EB8388DF-CA33-4345-B793-DD7665E884AA}.Debug|Any CPU.Build.0 = Debug|Any CPU
		{EB8388DF-CA33-4345-B793-DD7665E884AA}.Release|Any CPU.ActiveCfg = Release|Any CPU
		{EB8388DF-CA33-4345-B793-DD7665E884AA}.Release|Any CPU.Build.0 = Release|Any CPU
		{57FEA5F9-FA14-4D73-ADF0-B454AAEF59E8}.Debug|Any CPU.ActiveCfg = Debug|Any CPU
		{57FEA5F9-FA14-4D73-ADF0-B454AAEF59E8}.Debug|Any CPU.Build.0 = Debug|Any CPU
		{57FEA5F9-FA14-4D73-ADF0-B454AAEF59E8}.Release|Any CPU.ActiveCfg = Release|Any CPU
		{57FEA5F9-FA14-4D73-ADF0-B454AAEF59E8}.Release|Any CPU.Build.0 = Release|Any CPU
	EndGlobalSection
EndGlobal
